
Microsoft Visual Studio Solution File, Format Version 12.00
# Visual Studio Version 17
VisualStudioVersion = 17.5.33530.505
MinimumVisualStudioVersion = 10.0.40219.1
Project("{FAE04EC0-301F-11D3-BF4B-00C04F79EFBC}") = "SignalRApi", "SignalRApi\SignalRApi.csproj", "{09C1E91A-FA0D-4532-90DD-2D08F20C554B}"
EndProject
Project("{FAE04EC0-301F-11D3-BF4B-00C04F79EFBC}") = "SignalRWebUI", "SignalRWebUI\SignalRWebUI.csproj", "{0546E334-A860-4469-B448-0476109953F4}"
EndProject
Project("{FAE04EC0-301F-11D3-BF4B-00C04F79EFBC}") = "SignalR.EntityLayer", "SignalR.EntityLayer\SignalR.EntityLayer.csproj", "{38B57748-9B27-47D7-9B9E-F300A0FE0F13}"
EndProject
Project("{FAE04EC0-301F-11D3-BF4B-00C04F79EFBC}") = "SignalR.DataAccessLayer", "SignalR.DataAccessLayer\SignalR.DataAccessLayer.csproj", "{627CF036-FDC3-45D0-B7EF-3CCACCC5BF84}"
EndProject
Project("{FAE04EC0-301F-11D3-BF4B-00C04F79EFBC}") = "SignalR.DtoLayer", "SignalR.DtoLayer\SignalR.DtoLayer.csproj", "{33E62A22-437A-400A-8372-72B8EE936BE1}"
EndProject
Project("{FAE04EC0-301F-11D3-BF4B-00C04F79EFBC}") = "SignalR.BusinessLayer", "SignalR.BusinessLayer\SignalR.BusinessLayer.csproj", "{705599FB-8767-45D9-9474-118DB3FE4CA2}"
EndProject
Global
	GlobalSection(SolutionConfigurationPlatforms) = preSolution
		Debug|Any CPU = Debug|Any CPU
		Release|Any CPU = Release|Any CPU
	EndGlobalSection
	GlobalSection(ProjectConfigurationPlatforms) = postSolution
		{09C1E91A-FA0D-4532-90DD-2D08F20C554B}.Debug|Any CPU.ActiveCfg = Debug|Any CPU
		{09C1E91A-FA0D-4532-90DD-2D08F20C554B}.Debug|Any CPU.Build.0 = Debug|Any CPU
		{09C1E91A-FA0D-4532-90DD-2D08F20C554B}.Release|Any CPU.ActiveCfg = Release|Any CPU
		{09C1E91A-FA0D-4532-90DD-2D08F20C554B}.Release|Any CPU.Build.0 = Release|Any CPU
		{0546E334-A860-4469-B448-0476109953F4}.Debug|Any CPU.ActiveCfg = Debug|Any CPU
		{0546E334-A860-4469-B448-0476109953F4}.Debug|Any CPU.Build.0 = Debug|Any CPU
		{0546E334-A860-4469-B448-0476109953F4}.Release|Any CPU.ActiveCfg = Release|Any CPU
		{0546E334-A860-4469-B448-0476109953F4}.Release|Any CPU.Build.0 = Release|Any CPU
		{38B57748-9B27-47D7-9B9E-F300A0FE0F13}.Debug|Any CPU.ActiveCfg = Debug|Any CPU
		{38B57748-9B27-47D7-9B9E-F300A0FE0F13}.Debug|Any CPU.Build.0 = Debug|Any CPU
		{38B57748-9B27-47D7-9B9E-F300A0FE0F13}.Release|Any CPU.ActiveCfg = Release|Any CPU
		{38B57748-9B27-47D7-9B9E-F300A0FE0F13}.Release|Any CPU.Build.0 = Release|Any CPU
		{627CF036-FDC3-45D0-B7EF-3CCACCC5BF84}.Debug|Any CPU.ActiveCfg = Debug|Any CPU
		{627CF036-FDC3-45D0-B7EF-3CCACCC5BF84}.Debug|Any CPU.Build.0 = Debug|Any CPU
		{627CF036-FDC3-45D0-B7EF-3CCACCC5BF84}.Release|Any CPU.ActiveCfg = Release|Any CPU
		{627CF036-FDC3-45D0-B7EF-3CCACCC5BF84}.Release|Any CPU.Build.0 = Release|Any CPU
		{33E62A22-437A-400A-8372-72B8EE936BE1}.Debug|Any CPU.ActiveCfg = Debug|Any CPU
		{33E62A22-437A-400A-8372-72B8EE936BE1}.Debug|Any CPU.Build.0 = Debug|Any CPU
		{33E62A22-437A-400A-8372-72B8EE936BE1}.Release|Any CPU.ActiveCfg = Release|Any CPU
		{33E62A22-437A-400A-8372-72B8EE936BE1}.Release|Any CPU.Build.0 = Release|Any CPU
		{705599FB-8767-45D9-9474-118DB3FE4CA2}.Debug|Any CPU.ActiveCfg = Debug|Any CPU
		{705599FB-8767-45D9-9474-118DB3FE4CA2}.Debug|Any CPU.Build.0 = Debug|Any CPU
		{705599FB-8767-45D9-9474-118DB3FE4CA2}.Release|Any CPU.ActiveCfg = Release|Any CPU
		{705599FB-8767-45D9-9474-118DB3FE4CA2}.Release|Any CPU.Build.0 = Release|Any CPU
	EndGlobalSection
	GlobalSection(SolutionProperties) = preSolution
		HideSolutionNode = FALSE
	EndGlobalSection
	GlobalSection(ExtensibilityGlobals) = postSolution
		SolutionGuid = {B907DCEB-8D93-49EF-AD96-FBCAE5FE2C95}
	EndGlobalSection
EndGlobal
